# THIS IS AN AUTOGENERATED FILE. DO NOT EDIT THIS FILE DIRECTLY.
# yarn lockfile v1


"@types/nanoid@^3.0.0":
  version "3.0.0"
  resolved "https://registry.yarnpkg.com/@types/nanoid/-/nanoid-3.0.0.tgz#c757b20f343f3a1dd76e80a9a431b6290fc20f35"
  integrity sha512-UXitWSmXCwhDmAKe7D3hNQtQaHeHt5L8LO1CB8GF8jlYVzOv5cBWDNqiJ+oPEWrWei3i3dkZtHY/bUtd0R/uOQ==
  dependencies:
    nanoid "*"

allotize-core@^0.0.1-alpha.3:
  version "0.0.1-alpha.3"
  resolved "https://registry.yarnpkg.com/allotize-core/-/allotize-core-0.0.1-alpha.3.tgz#d6f1e0ce697e117e2981cad94ff28b0e2aa8a1bd"
  integrity sha512-/REM06i45DhWDrLfbPWr2HoIYvW/W5ct62vADJxNukxJkviILCnyPrh1jzEy/fAhhHY2muCz4VRrg9dukvVpfA==

nanoid@*, nanoid@^3.1.25:
  version "3.1.25"
  resolved "https://registry.yarnpkg.com/nanoid/-/nanoid-3.1.25.tgz#09ca32747c0e543f0e1814b7d3793477f9c8e152"
  integrity sha512-rdwtIXaXCLFAQbnfqDRnI6jaRHp9fTcYBjtFKE8eezcZ7LuLjhUaQGNeMXf1HmRoCH32CLz6XwX0TtxEOS/A3Q==
